github.com/caarlos0/env/v11 v11.0.1 h1:A8dDt9Ub9ybqRSUF3fQc/TA/gTam2bKT4Pit+cwrsPs=
github.com/caarlos0/env/v11 v11.0.1/go.mod h1:2RC3HQu8BQqtEK3V4iHPxj0jOdWdbPpWJ6pOueeU1xM=
github.com/joho/godotenv v1.5.1 h1:7eLL/+HRGLY0ldzfGMeQkb7vMd0as4CfYvUVzLqw0N0=
github.com/joho/godotenv v1.5.1/go.mod h1:f4LDr5Voq0i2e/R5DDNOoa2zzDfwtkZa6DnEwAbqwq4=
